
Microsoft Visual Studio Solution File, Format Version 12.00
# Visual Studio 15
VisualStudioVersion = 15.0.26923.0
MinimumVisualStudioVersion = 10.0.40219.1
Project("{9A19103F-16F7-4668-BE54-9A1E7A4F7556}") = "Erden.Cqrs", "src\Erden.Cqrs\Erden.Cqrs.csproj", "{276E46A3-9870-4D3B-ADCE-5AC7B0A6E84B}"
EndProject
Project("{2150E333-8FDC-42A3-9474-1A3956D46DE8}") = "Examples", "Examples", "{3F446F85-B8FF-4CE9-B8C4-488879AEDC37}"
EndProject
Project("{9A19103F-16F7-4668-BE54-9A1E7A4F7556}") = "Erden.Cqrs.Example.Application", "examples\Erden.Cqrs.Example.Application\Erden.Cqrs.Example.Application.csproj", "{1E2A9796-3848-4D7D-BFEF-804A4BC67074}"
EndProject
Project("{9A19103F-16F7-4668-BE54-9A1E7A4F7556}") = "Erden.EventSourcing", "src\Erden.EventSourcing\Erden.EventSourcing.csproj", "{8A423998-39A9-4382-BE7A-61DB68C835F6}"
EndProject
Project("{9A19103F-16F7-4668-BE54-9A1E7A4F7556}") = "Erden.Domain", "src\Erden.Domain\Erden.Domain.csproj", "{4232328F-FB55-4DD1-B4E2-32863EF1186A}"
EndProject
Project("{2150E333-8FDC-42A3-9474-1A3956D46DE8}") = "Tests", "Tests", "{B6FE5C1B-C40B-48B9-A221-BC7BBA769C25}"
EndProject
Project("{FAE04EC0-301F-11D3-BF4B-00C04F79EFBC}") = "Erden.Cqrs.Tests", "tests\Erden.Cqrs.Tests\Erden.Cqrs.Tests.csproj", "{94A57ECE-71C1-465A-92EF-42B2F2A0074C}"
EndProject
Project("{FAE04EC0-301F-11D3-BF4B-00C04F79EFBC}") = "Erden.EventSourcing.Tests", "tests\Erden.EventSourcing.Tests\Erden.EventSourcing.Tests.csproj", "{55E3A0B7-3270-46BD-869A-C1F9FC6336C6}"
EndProject
Project("{FAE04EC0-301F-11D3-BF4B-00C04F79EFBC}") = "Erden.Domain.Tests", "tests\Erden.Domain.Tests\Erden.Domain.Tests.csproj", "{CF4A17A0-1963-4CD3-A8A7-A9D0C5B15887}"
EndProject
Project("{2150E333-8FDC-42A3-9474-1A3956D46DE8}") = "EventSourcing.Targets", "EventSourcing.Targets", "{149C55DC-F3F0-4DBB-AA16-EF31280AF832}"
EndProject
Project("{9A19103F-16F7-4668-BE54-9A1E7A4F7556}") = "Erden.EventSourcing.Targets.EventStore", "src\Erden.EventSourcing.Targets.EventStore\Erden.EventSourcing.Targets.EventStore.csproj", "{1C480894-DD6E-453A-B23E-B60CF95E4B6C}"
EndProject
Project("{9A19103F-16F7-4668-BE54-9A1E7A4F7556}") = "Erden.Demo.Application", "examples\Erden.Demo.Application\Erden.Demo.Application.csproj", "{909C83F9-F6EC-404F-A55E-49CCB988E966}"
EndProject
Project("{FAE04EC0-301F-11D3-BF4B-00C04F79EFBC}") = "Erden.Configuration", "src\Erden.Configuration\Erden.Configuration.csproj", "{DFCCD342-1A96-4A5E-AD0C-FEB5FDC846B1}"
EndProject
Global
	GlobalSection(SolutionConfigurationPlatforms) = preSolution
		Debug|Any CPU = Debug|Any CPU
		Release|Any CPU = Release|Any CPU
	EndGlobalSection
	GlobalSection(ProjectConfigurationPlatforms) = postSolution
		{276E46A3-9870-4D3B-ADCE-5AC7B0A6E84B}.Debug|Any CPU.ActiveCfg = Debug|Any CPU
		{276E46A3-9870-4D3B-ADCE-5AC7B0A6E84B}.Debug|Any CPU.Build.0 = Debug|Any CPU
		{276E46A3-9870-4D3B-ADCE-5AC7B0A6E84B}.Release|Any CPU.ActiveCfg = Release|Any CPU
		{276E46A3-9870-4D3B-ADCE-5AC7B0A6E84B}.Release|Any CPU.Build.0 = Release|Any CPU
		{1E2A9796-3848-4D7D-BFEF-804A4BC67074}.Debug|Any CPU.ActiveCfg = Debug|Any CPU
		{1E2A9796-3848-4D7D-BFEF-804A4BC67074}.Debug|Any CPU.Build.0 = Debug|Any CPU
		{1E2A9796-3848-4D7D-BFEF-804A4BC67074}.Release|Any CPU.ActiveCfg = Release|Any CPU
		{1E2A9796-3848-4D7D-BFEF-804A4BC67074}.Release|Any CPU.Build.0 = Release|Any CPU
		{8A423998-39A9-4382-BE7A-61DB68C835F6}.Debug|Any CPU.ActiveCfg = Debug|Any CPU
		{8A423998-39A9-4382-BE7A-61DB68C835F6}.Debug|Any CPU.Build.0 = Debug|Any CPU
		{8A423998-39A9-4382-BE7A-61DB68C835F6}.Release|Any CPU.ActiveCfg = Release|Any CPU
		{8A423998-39A9-4382-BE7A-61DB68C835F6}.Release|Any CPU.Build.0 = Release|Any CPU
		{4232328F-FB55-4DD1-B4E2-32863EF1186A}.Debug|Any CPU.ActiveCfg = Debug|Any CPU
		{4232328F-FB55-4DD1-B4E2-32863EF1186A}.Debug|Any CPU.Build.0 = Debug|Any CPU
		{4232328F-FB55-4DD1-B4E2-32863EF1186A}.Release|Any CPU.ActiveCfg = Release|Any CPU
		{4232328F-FB55-4DD1-B4E2-32863EF1186A}.Release|Any CPU.Build.0 = Release|Any CPU
		{94A57ECE-71C1-465A-92EF-42B2F2A0074C}.Debug|Any CPU.ActiveCfg = Debug|Any CPU
		{94A57ECE-71C1-465A-92EF-42B2F2A0074C}.Debug|Any CPU.Build.0 = Debug|Any CPU
		{94A57ECE-71C1-465A-92EF-42B2F2A0074C}.Release|Any CPU.ActiveCfg = Release|Any CPU
		{94A57ECE-71C1-465A-92EF-42B2F2A0074C}.Release|Any CPU.Build.0 = Release|Any CPU
		{55E3A0B7-3270-46BD-869A-C1F9FC6336C6}.Debug|Any CPU.ActiveCfg = Debug|Any CPU
		{55E3A0B7-3270-46BD-869A-C1F9FC6336C6}.Debug|Any CPU.Build.0 = Debug|Any CPU
		{55E3A0B7-3270-46BD-869A-C1F9FC6336C6}.Release|Any CPU.ActiveCfg = Release|Any CPU
		{55E3A0B7-3270-46BD-869A-C1F9FC6336C6}.Release|Any CPU.Build.0 = Release|Any CPU
		{CF4A17A0-1963-4CD3-A8A7-A9D0C5B15887}.Debug|Any CPU.ActiveCfg = Debug|Any CPU
		{CF4A17A0-1963-4CD3-A8A7-A9D0C5B15887}.Debug|Any CPU.Build.0 = Debug|Any CPU
		{CF4A17A0-1963-4CD3-A8A7-A9D0C5B15887}.Release|Any CPU.ActiveCfg = Release|Any CPU
		{CF4A17A0-1963-4CD3-A8A7-A9D0C5B15887}.Release|Any CPU.Build.0 = Release|Any CPU
		{1C480894-DD6E-453A-B23E-B60CF95E4B6C}.Debug|Any CPU.ActiveCfg = Debug|Any CPU
		{1C480894-DD6E-453A-B23E-B60CF95E4B6C}.Debug|Any CPU.Build.0 = Debug|Any CPU
		{1C480894-DD6E-453A-B23E-B60CF95E4B6C}.Release|Any CPU.ActiveCfg = Release|Any CPU
		{1C480894-DD6E-453A-B23E-B60CF95E4B6C}.Release|Any CPU.Build.0 = Release|Any CPU
		{909C83F9-F6EC-404F-A55E-49CCB988E966}.Debug|Any CPU.ActiveCfg = Debug|Any CPU
		{909C83F9-F6EC-404F-A55E-49CCB988E966}.Debug|Any CPU.Build.0 = Debug|Any CPU
		{909C83F9-F6EC-404F-A55E-49CCB988E966}.Release|Any CPU.ActiveCfg = Release|Any CPU
		{909C83F9-F6EC-404F-A55E-49CCB988E966}.Release|Any CPU.Build.0 = Release|Any CPU
		{DFCCD342-1A96-4A5E-AD0C-FEB5FDC846B1}.Debug|Any CPU.ActiveCfg = Debug|Any CPU
		{DFCCD342-1A96-4A5E-AD0C-FEB5FDC846B1}.Debug|Any CPU.Build.0 = Debug|Any CPU
		{DFCCD342-1A96-4A5E-AD0C-FEB5FDC846B1}.Release|Any CPU.ActiveCfg = Release|Any CPU
		{DFCCD342-1A96-4A5E-AD0C-FEB5FDC846B1}.Release|Any CPU.Build.0 = Release|Any CPU
	EndGlobalSection
	GlobalSection(SolutionProperties) = preSolution
		HideSolutionNode = FALSE
	EndGlobalSection
	GlobalSection(NestedProjects) = preSolution
		{1E2A9796-3848-4D7D-BFEF-804A4BC67074} = {3F446F85-B8FF-4CE9-B8C4-488879AEDC37}
		{94A57ECE-71C1-465A-92EF-42B2F2A0074C} = {B6FE5C1B-C40B-48B9-A221-BC7BBA769C25}
		{55E3A0B7-3270-46BD-869A-C1F9FC6336C6} = {B6FE5C1B-C40B-48B9-A221-BC7BBA769C25}
		{CF4A17A0-1963-4CD3-A8A7-A9D0C5B15887} = {B6FE5C1B-C40B-48B9-A221-BC7BBA769C25}
		{1C480894-DD6E-453A-B23E-B60CF95E4B6C} = {149C55DC-F3F0-4DBB-AA16-EF31280AF832}
		{909C83F9-F6EC-404F-A55E-49CCB988E966} = {3F446F85-B8FF-4CE9-B8C4-488879AEDC37}
	EndGlobalSection
	GlobalSection(ExtensibilityGlobals) = postSolution
		SolutionGuid = {5EDEFB39-CC21-4E59-A8EC-E1E77BA8B447}
	EndGlobalSection
EndGlobal
