
Microsoft Visual Studio Solution File, Format Version 12.00
# Visual Studio 15
VisualStudioVersion = 15.0.26923.0
MinimumVisualStudioVersion = 10.0.40219.1
Project("{9A19103F-16F7-4668-BE54-9A1E7A4F7556}") = "Erden.Cqrs", "Erden.Cqrs\Erden.Cqrs.csproj", "{276E46A3-9870-4D3B-ADCE-5AC7B0A6E84B}"
EndProject
Project("{2150E333-8FDC-42A3-9474-1A3956D46DE8}") = "Examples", "Examples", "{3F446F85-B8FF-4CE9-B8C4-488879AEDC37}"
EndProject
Project("{FAE04EC0-301F-11D3-BF4B-00C04F79EFBC}") = "Erden.Cqrs.Example.Application", "..\examples\Erden.Cqrs.Example.Application\Erden.Cqrs.Example.Application.csproj", "{1E2A9796-3848-4D7D-BFEF-804A4BC67074}"
EndProject
Project("{FAE04EC0-301F-11D3-BF4B-00C04F79EFBC}") = "Erden.EventSourcing", "Erden.EventSourcing\Erden.EventSourcing.csproj", "{8A423998-39A9-4382-BE7A-61DB68C835F6}"
EndProject
Global
	GlobalSection(SolutionConfigurationPlatforms) = preSolution
		Debug|Any CPU = Debug|Any CPU
		Release|Any CPU = Release|Any CPU
	EndGlobalSection
	GlobalSection(ProjectConfigurationPlatforms) = postSolution
		{276E46A3-9870-4D3B-ADCE-5AC7B0A6E84B}.Debug|Any CPU.ActiveCfg = Debug|Any CPU
		{276E46A3-9870-4D3B-ADCE-5AC7B0A6E84B}.Debug|Any CPU.Build.0 = Debug|Any CPU
		{276E46A3-9870-4D3B-ADCE-5AC7B0A6E84B}.Release|Any CPU.ActiveCfg = Release|Any CPU
		{276E46A3-9870-4D3B-ADCE-5AC7B0A6E84B}.Release|Any CPU.Build.0 = Release|Any CPU
		{1E2A9796-3848-4D7D-BFEF-804A4BC67074}.Debug|Any CPU.ActiveCfg = Debug|Any CPU
		{1E2A9796-3848-4D7D-BFEF-804A4BC67074}.Debug|Any CPU.Build.0 = Debug|Any CPU
		{1E2A9796-3848-4D7D-BFEF-804A4BC67074}.Release|Any CPU.ActiveCfg = Release|Any CPU
		{1E2A9796-3848-4D7D-BFEF-804A4BC67074}.Release|Any CPU.Build.0 = Release|Any CPU
		{8A423998-39A9-4382-BE7A-61DB68C835F6}.Debug|Any CPU.ActiveCfg = Debug|Any CPU
		{8A423998-39A9-4382-BE7A-61DB68C835F6}.Debug|Any CPU.Build.0 = Debug|Any CPU
		{8A423998-39A9-4382-BE7A-61DB68C835F6}.Release|Any CPU.ActiveCfg = Release|Any CPU
		{8A423998-39A9-4382-BE7A-61DB68C835F6}.Release|Any CPU.Build.0 = Release|Any CPU
	EndGlobalSection
	GlobalSection(SolutionProperties) = preSolution
		HideSolutionNode = FALSE
	EndGlobalSection
	GlobalSection(NestedProjects) = preSolution
		{1E2A9796-3848-4D7D-BFEF-804A4BC67074} = {3F446F85-B8FF-4CE9-B8C4-488879AEDC37}
	EndGlobalSection
	GlobalSection(ExtensibilityGlobals) = postSolution
		SolutionGuid = {5EDEFB39-CC21-4E59-A8EC-E1E77BA8B447}
	EndGlobalSection
EndGlobal
